{
  "name": "codebattle",
  "version": "1.0.0",
  "lockfileVersion": 1,
  "requires": true,
  "dependencies": {
    "jq-fakeloader": {
      "version": "2.0.1",
      "resolved": "https://registry.npmjs.org/jq-fakeloader/-/jq-fakeloader-2.0.1.tgz",
      "integrity": "sha512-INQYTpFJON2nD4TMTXifB4UCW03tSzCbAog+pUEUtVsJqzS7qoznW9OrAt/HUfvFMykx95WQXWFbrc3Uq9pagA=="
    }
  }
}
